// !$*UTF8*$!
{
	archiveVersion = 1;
	classes = {
	};
	objectVersion = 50;
	objects = {

/* Begin PBXBuildFile section */
		181D30ED22E9F9BE009018C2 /* AppDelegate.swift in Sources */ = {isa = PBXBuildFile; fileRef = 181D30EC22E9F9BE009018C2 /* AppDelegate.swift */; };
		181D30EF22E9F9BE009018C2 /* ViewController.swift in Sources */ = {isa = PBXBuildFile; fileRef = 181D30EE22E9F9BE009018C2 /* ViewController.swift */; };
		181D30F222E9F9BE009018C2 /* Main.storyboard in Resources */ = {isa = PBXBuildFile; fileRef = 181D30F022E9F9BE009018C2 /* Main.storyboard */; };
		181D30F422E9F9C1009018C2 /* Assets.xcassets in Resources */ = {isa = PBXBuildFile; fileRef = 181D30F322E9F9C1009018C2 /* Assets.xcassets */; };
		181D30F722E9F9C1009018C2 /* LaunchScreen.storyboard in Resources */ = {isa = PBXBuildFile; fileRef = 181D30F522E9F9C1009018C2 /* LaunchScreen.storyboard */; };
		181D310222E9F9C1009018C2 /* sotryboard_practice_day_4Tests.swift in Sources */ = {isa = PBXBuildFile; fileRef = 181D310122E9F9C1009018C2 /* sotryboard_practice_day_4Tests.swift */; };
		181D310D22E9F9C1009018C2 /* sotryboard_practice_day_4UITests.swift in Sources */ = {isa = PBXBuildFile; fileRef = 181D310C22E9F9C1009018C2 /* sotryboard_practice_day_4UITests.swift */; };
/* End PBXBuildFile section */

/* Begin PBXContainerItemProxy section */
		181D30FE22E9F9C1009018C2 /* PBXContainerItemProxy */ = {
			isa = PBXContainerItemProxy;
			containerPortal = 181D30E122E9F9BE009018C2 /* Project object */;
			proxyType = 1;
			remoteGlobalIDString = 181D30E822E9F9BE009018C2;
			remoteInfo = "sotryboard practice day 4";
		};
		181D310922E9F9C1009018C2 /* PBXContainerItemProxy */ = {
			isa = PBXContainerItemProxy;
			containerPortal = 181D30E122E9F9BE009018C2 /* Project object */;
			proxyType = 1;
			remoteGlobalIDString = 181D30E822E9F9BE009018C2;
			remoteInfo = "sotryboard practice day 4";
		};
/* End PBXContainerItemProxy section */

/* Begin PBXFileReference section */
		181D30E922E9F9BE009018C2 /* sotryboard practice day 4.app */ = {isa = PBXFileReference; explicitFileType = wrapper.application; includeInIndex = 0; path = "sotryboard practice day 4.app"; sourceTree = BUILT_PRODUCTS_DIR; };
		181D30EC22E9F9BE009018C2 /* AppDelegate.swift */ = {isa = PBXFileReference; lastKnownFileType = sourcecode.swift; path = AppDelegate.swift; sourceTree = "<group>"; };
		181D30EE22E9F9BE009018C2 /* ViewController.swift */ = {isa = PBXFileReference; lastKnownFileType = sourcecode.swift; path = ViewController.swift; sourceTree = "<group>"; };
		181D30F122E9F9BE009018C2 /* Base */ = {isa = PBXFileReference; lastKnownFileType = file.storyboard; name = Base; path = Base.lproj/Main.storyboard; sourceTree = "<group>"; };
		181D30F322E9F9C1009018C2 /* Assets.xcassets */ = {isa = PBXFileReference; lastKnownFileType = folder.assetcatalog; path = Assets.xcassets; sourceTree = "<group>"; };
		181D30F622E9F9C1009018C2 /* Base */ = {isa = PBXFileReference; lastKnownFileType = file.storyboard; name = Base; path = Base.lproj/LaunchScreen.storyboard; sourceTree = "<group>"; };
		181D30F822E9F9C1009018C2 /* Info.plist */ = {isa = PBXFileReference; lastKnownFileType = text.plist.xml; path = Info.plist; sourceTree = "<group>"; };
		181D30FD22E9F9C1009018C2 /* sotryboard practice day 4Tests.xctest */ = {isa = PBXFileReference; explicitFileType = wrapper.cfbundle; includeInIndex = 0; path = "sotryboard practice day 4Tests.xctest"; sourceTree = BUILT_PRODUCTS_DIR; };
		181D310122E9F9C1009018C2 /* sotryboard_practice_day_4Tests.swift */ = {isa = PBXFileReference; lastKnownFileType = sourcecode.swift; path = sotryboard_practice_day_4Tests.swift; sourceTree = "<group>"; };
		181D310322E9F9C1009018C2 /* Info.plist */ = {isa = PBXFileReference; lastKnownFileType = text.plist.xml; path = Info.plist; sourceTree = "<group>"; };
		181D310822E9F9C1009018C2 /* sotryboard practice day 4UITests.xctest */ = {isa = PBXFileReference; explicitFileType = wrapper.cfbundle; includeInIndex = 0; path = "sotryboard practice day 4UITests.xctest"; sourceTree = BUILT_PRODUCTS_DIR; };
		181D310C22E9F9C1009018C2 /* sotryboard_practice_day_4UITests.swift */ = {isa = PBXFileReference; lastKnownFileType = sourcecode.swift; path = sotryboard_practice_day_4UITests.swift; sourceTree = "<group>"; };
		181D310E22E9F9C1009018C2 /* Info.plist */ = {isa = PBXFileReference; lastKnownFileType = text.plist.xml; path = Info.plist; sourceTree = "<group>"; };
/* End PBXFileReference section */

/* Begin PBXFrameworksBuildPhase section */
		181D30E622E9F9BE009018C2 /* Frameworks */ = {
			isa = PBXFrameworksBuildPhase;
			buildActionMask = 2147483647;
			files = (
			);
			runOnlyForDeploymentPostprocessing = 0;
		};
		181D30FA22E9F9C1009018C2 /* Frameworks */ = {
			isa = PBXFrameworksBuildPhase;
			buildActionMask = 2147483647;
			files = (
			);
			runOnlyForDeploymentPostprocessing = 0;
		};
		181D310522E9F9C1009018C2 /* Frameworks */ = {
			isa = PBXFrameworksBuildPhase;
			buildActionMask = 2147483647;
			files = (
			);
			runOnlyForDeploymentPostprocessing = 0;
		};
/* End PBXFrameworksBuildPhase section */

/* Begin PBXGroup section */
		181D30E022E9F9BE009018C2 = {
			isa = PBXGroup;
			children = (
				181D30EB22E9F9BE009018C2 /* sotryboard practice day 4 */,
				181D310022E9F9C1009018C2 /* sotryboard practice day 4Tests */,
				181D310B22E9F9C1009018C2 /* sotryboard practice day 4UITests */,
				181D30EA22E9F9BE009018C2 /* Products */,
			);
			sourceTree = "<group>";
		};
		181D30EA22E9F9BE009018C2 /* Products */ = {
			isa = PBXGroup;
			children = (
				181D30E922E9F9BE009018C2 /* sotryboard practice day 4.app */,
				181D30FD22E9F9C1009018C2 /* sotryboard practice day 4Tests.xctest */,
				181D310822E9F9C1009018C2 /* sotryboard practice day 4UITests.xctest */,
			);
			name = Products;
			sourceTree = "<group>";
		};
		181D30EB22E9F9BE009018C2 /* sotryboard practice day 4 */ = {
			isa = PBXGroup;
			children = (
				181D30EC22E9F9BE009018C2 /* AppDelegate.swift */,
				181D30EE22E9F9BE009018C2 /* ViewController.swift */,
				181D30F022E9F9BE009018C2 /* Main.storyboard */,
				181D30F322E9F9C1009018C2 /* Assets.xcassets */,
				181D30F522E9F9C1009018C2 /* LaunchScreen.storyboard */,
				181D30F822E9F9C1009018C2 /* Info.plist */,
			);
			path = "sotryboard practice day 4";
			sourceTree = "<group>";
		};
		181D310022E9F9C1009018C2 /* sotryboard practice day 4Tests */ = {
			isa = PBXGroup;
			children = (
				181D310122E9F9C1009018C2 /* sotryboard_practice_day_4Tests.swift */,
				181D310322E9F9C1009018C2 /* Info.plist */,
			);
			path = "sotryboard practice day 4Tests";
			sourceTree = "<group>";
		};
		181D310B22E9F9C1009018C2 /* sotryboard practice day 4UITests */ = {
			isa = PBXGroup;
			children = (
				181D310C22E9F9C1009018C2 /* sotryboard_practice_day_4UITests.swift */,
				181D310E22E9F9C1009018C2 /* Info.plist */,
			);
			path = "sotryboard practice day 4UITests";
			sourceTree = "<group>";
		};
/* End PBXGroup section */

/* Begin PBXNativeTarget section */
		181D30E822E9F9BE009018C2 /* sotryboard practice day 4 */ = {
			isa = PBXNativeTarget;
			buildConfigurationList = 181D311122E9F9C1009018C2 /* Build configuration list for PBXNativeTarget "sotryboard practice day 4" */;
			buildPhases = (
				181D30E522E9F9BE009018C2 /* Sources */,
				181D30E622E9F9BE009018C2 /* Frameworks */,
				181D30E722E9F9BE009018C2 /* Resources */,
			);
			buildRules = (
			);
			dependencies = (
			);
			name = "sotryboard practice day 4";
			productName = "sotryboard practice day 4";
			productReference = 181D30E922E9F9BE009018C2 /* sotryboard practice day 4.app */;
			productType = "com.apple.product-type.application";
		};
		181D30FC22E9F9C1009018C2 /* sotryboard practice day 4Tests */ = {
			isa = PBXNativeTarget;
			buildConfigurationList = 181D311422E9F9C1009018C2 /* Build configuration list for PBXNativeTarget "sotryboard practice day 4Tests" */;
			buildPhases = (
				181D30F922E9F9C1009018C2 /* Sources */,
				181D30FA22E9F9C1009018C2 /* Frameworks */,
				181D30FB22E9F9C1009018C2 /* Resources */,
			);
			buildRules = (
			);
			dependencies = (
				181D30FF22E9F9C1009018C2 /* PBXTargetDependency */,
			);
			name = "sotryboard practice day 4Tests";
			productName = "sotryboard practice day 4Tests";
			productReference = 181D30FD22E9F9C1009018C2 /* sotryboard practice day 4Tests.xctest */;
			productType = "com.apple.product-type.bundle.unit-test";
		};
		181D310722E9F9C1009018C2 /* sotryboard practice day 4UITests */ = {
			isa = PBXNativeTarget;
			buildConfigurationList = 181D311722E9F9C1009018C2 /* Build configuration list for PBXNativeTarget "sotryboard practice day 4UITests" */;
			buildPhases = (
				181D310422E9F9C1009018C2 /* Sources */,
				181D310522E9F9C1009018C2 /* Frameworks */,
				181D310622E9F9C1009018C2 /* Resources */,
			);
			buildRules = (
			);
			dependencies = (
				181D310A22E9F9C1009018C2 /* PBXTargetDependency */,
			);
			name = "sotryboard practice day 4UITests";
			productName = "sotryboard practice day 4UITests";
			productReference = 181D310822E9F9C1009018C2 /* sotryboard practice day 4UITests.xctest */;
			productType = "com.apple.product-type.bundle.ui-testing";
		};
/* End PBXNativeTarget section */

/* Begin PBXProject section */
		181D30E122E9F9BE009018C2 /* Project object */ = {
			isa = PBXProject;
			attributes = {
				LastSwiftUpdateCheck = 1020;
				LastUpgradeCheck = 1020;
				ORGANIZATIONNAME = Apple;
				TargetAttributes = {
					181D30E822E9F9BE009018C2 = {
						CreatedOnToolsVersion = 10.2.1;
					};
					181D30FC22E9F9C1009018C2 = {
						CreatedOnToolsVersion = 10.2.1;
						TestTargetID = 181D30E822E9F9BE009018C2;
					};
					181D310722E9F9C1009018C2 = {
						CreatedOnToolsVersion = 10.2.1;
						TestTargetID = 181D30E822E9F9BE009018C2;
					};
				};
			};
			buildConfigurationList = 181D30E422E9F9BE009018C2 /* Build configuration list for PBXProject "sotryboard practice day 4" */;
			compatibilityVersion = "Xcode 9.3";
			developmentRegion = en;
			hasScannedForEncodings = 0;
			knownRegions = (
				en,
				Base,
			);
			mainGroup = 181D30E022E9F9BE009018C2;
			productRefGroup = 181D30EA22E9F9BE009018C2 /* Products */;
			projectDirPath = "";
			projectRoot = "";
			targets = (
				181D30E822E9F9BE009018C2 /* sotryboard practice day 4 */,
				181D30FC22E9F9C1009018C2 /* sotryboard practice day 4Tests */,
				181D310722E9F9C1009018C2 /* sotryboard practice day 4UITests */,
			);
		};
/* End PBXProject section */

/* Begin PBXResourcesBuildPhase section */
		181D30E722E9F9BE009018C2 /* Resources */ = {
			isa = PBXResourcesBuildPhase;
			buildActionMask = 2147483647;
			files = (
				181D30F722E9F9C1009018C2 /* LaunchScreen.storyboard in Resources */,
				181D30F422E9F9C1009018C2 /* Assets.xcassets in Resources */,
				181D30F222E9F9BE009018C2 /* Main.storyboard in Resources */,
			);
			runOnlyForDeploymentPostprocessing = 0;
		};
		181D30FB22E9F9C1009018C2 /* Resources */ = {
			isa = PBXResourcesBuildPhase;
			buildActionMask = 2147483647;
			files = (
			);
			runOnlyForDeploymentPostprocessing = 0;
		};
		181D310622E9F9C1009018C2 /* Resources */ = {
			isa = PBXResourcesBuildPhase;
			buildActionMask = 2147483647;
			files = (
			);
			runOnlyForDeploymentPostprocessing = 0;
		};
/* End PBXResourcesBuildPhase section */

/* Begin PBXSourcesBuildPhase section */
		181D30E522E9F9BE009018C2 /* Sources */ = {
			isa = PBXSourcesBuildPhase;
			buildActionMask = 2147483647;
			files = (
				181D30EF22E9F9BE009018C2 /* ViewController.swift in Sources */,
				181D30ED22E9F9BE009018C2 /* AppDelegate.swift in Sources */,
			);
			runOnlyForDeploymentPostprocessing = 0;
		};
		181D30F922E9F9C1009018C2 /* Sources */ = {
			isa = PBXSourcesBuildPhase;
			buildActionMask = 2147483647;
			files = (
				181D310222E9F9C1009018C2 /* sotryboard_practice_day_4Tests.swift in Sources */,
			);
			runOnlyForDeploymentPostprocessing = 0;
		};
		181D310422E9F9C1009018C2 /* Sources */ = {
			isa = PBXSourcesBuildPhase;
			buildActionMask = 2147483647;
			files = (
				181D310D22E9F9C1009018C2 /* sotryboard_practice_day_4UITests.swift in Sources */,
			);
			runOnlyForDeploymentPostprocessing = 0;
		};
/* End PBXSourcesBuildPhase section */

/* Begin PBXTargetDependency section */
		181D30FF22E9F9C1009018C2 /* PBXTargetDependency */ = {
			isa = PBXTargetDependency;
			target = 181D30E822E9F9BE009018C2 /* sotryboard practice day 4 */;
			targetProxy = 181D30FE22E9F9C1009018C2 /* PBXContainerItemProxy */;
		};
		181D310A22E9F9C1009018C2 /* PBXTargetDependency */ = {
			isa = PBXTargetDependency;
			target = 181D30E822E9F9BE009018C2 /* sotryboard practice day 4 */;
			targetProxy = 181D310922E9F9C1009018C2 /* PBXContainerItemProxy */;
		};
/* End PBXTargetDependency section */

/* Begin PBXVariantGroup section */
		181D30F022E9F9BE009018C2 /* Main.storyboard */ = {
			isa = PBXVariantGroup;
			children = (
				181D30F122E9F9BE009018C2 /* Base */,
			);
			name = Main.storyboard;
			sourceTree = "<group>";
		};
		181D30F522E9F9C1009018C2 /* LaunchScreen.storyboard */ = {
			isa = PBXVariantGroup;
			children = (
				181D30F622E9F9C1009018C2 /* Base */,
			);
			name = LaunchScreen.storyboard;
			sourceTree = "<group>";
		};
/* End PBXVariantGroup section */

/* Begin XCBuildConfiguration section */
		181D310F22E9F9C1009018C2 /* Debug */ = {
			isa = XCBuildConfiguration;
			buildSettings = {
				ALWAYS_SEARCH_USER_PATHS = NO;
				CLANG_ANALYZER_NONNULL = YES;
				CLANG_ANALYZER_NUMBER_OBJECT_CONVERSION = YES_AGGRESSIVE;
				CLANG_CXX_LANGUAGE_STANDARD = "gnu++14";
				CLANG_CXX_LIBRARY = "libc++";
				CLANG_ENABLE_MODULES = YES;
				CLANG_ENABLE_OBJC_ARC = YES;
				CLANG_ENABLE_OBJC_WEAK = YES;
				CLANG_WARN_BLOCK_CAPTURE_AUTORELEASING = YES;
				CLANG_WARN_BOOL_CONVERSION = YES;
				CLANG_WARN_COMMA = YES;
				CLANG_WARN_CONSTANT_CONVERSION = YES;
				CLANG_WARN_DEPRECATED_OBJC_IMPLEMENTATIONS = YES;
				CLANG_WARN_DIRECT_OBJC_ISA_USAGE = YES_ERROR;
				CLANG_WARN_DOCUMENTATION_COMMENTS = YES;
				CLANG_WARN_EMPTY_BODY = YES;
				CLANG_WARN_ENUM_CONVERSION = YES;
				CLANG_WARN_INFINITE_RECURSION = YES;
				CLANG_WARN_INT_CONVERSION = YES;
				CLANG_WARN_NON_LITERAL_NULL_CONVERSION = YES;
				CLANG_WARN_OBJC_IMPLICIT_RETAIN_SELF = YES;
				CLANG_WARN_OBJC_LITERAL_CONVERSION = YES;
				CLANG_WARN_OBJC_ROOT_CLASS = YES_ERROR;
				CLANG_WARN_RANGE_LOOP_ANALYSIS = YES;
				CLANG_WARN_STRICT_PROTOTYPES = YES;
				CLANG_WARN_SUSPICIOUS_MOVE = YES;
				CLANG_WARN_UNGUARDED_AVAILABILITY = YES_AGGRESSIVE;
				CLANG_WARN_UNREACHABLE_CODE = YES;
				CLANG_WARN__DUPLICATE_METHOD_MATCH = YES;
				CODE_SIGN_IDENTITY = "iPhone Developer";
				COPY_PHASE_STRIP = NO;
				DEBUG_INFORMATION_FORMAT = dwarf;
				ENABLE_STRICT_OBJC_MSGSEND = YES;
				ENABLE_TESTABILITY = YES;
				GCC_C_LANGUAGE_STANDARD = gnu11;
				GCC_DYNAMIC_NO_PIC = NO;
				GCC_NO_COMMON_BLOCKS = YES;
				GCC_OPTIMIZATION_LEVEL = 0;
				GCC_PREPROCESSOR_DEFINITIONS = (
					"DEBUG=1",
					"$(inherited)",
				);
				GCC_WARN_64_TO_32_BIT_CONVERSION = YES;
				GCC_WARN_ABOUT_RETURN_TYPE = YES_ERROR;
				GCC_WARN_UNDECLARED_SELECTOR = YES;
				GCC_WARN_UNINITIALIZED_AUTOS = YES_AGGRESSIVE;
				GCC_WARN_UNUSED_FUNCTION = YES;
				GCC_WARN_UNUSED_VARIABLE = YES;
				IPHONEOS_DEPLOYMENT_TARGET = 12.2;
				MTL_ENABLE_DEBUG_INFO = INCLUDE_SOURCE;
				MTL_FAST_MATH = YES;
				ONLY_ACTIVE_ARCH = YES;
				SDKROOT = iphoneos;
				SWIFT_ACTIVE_COMPILATION_CONDITIONS = DEBUG;
				SWIFT_OPTIMIZATION_LEVEL = "-Onone";
			};
			name = Debug;
		};
		181D311022E9F9C1009018C2 /* Release */ = {
			isa = XCBuildConfiguration;
			buildSettings = {
				ALWAYS_SEARCH_USER_PATHS = NO;
				CLANG_ANALYZER_NONNULL = YES;
				CLANG_ANALYZER_NUMBER_OBJECT_CONVERSION = YES_AGGRESSIVE;
				CLANG_CXX_LANGUAGE_STANDARD = "gnu++14";
				CLANG_CXX_LIBRARY = "libc++";
				CLANG_ENABLE_MODULES = YES;
				CLANG_ENABLE_OBJC_ARC = YES;
				CLANG_ENABLE_OBJC_WEAK = YES;
				CLANG_WARN_BLOCK_CAPTURE_AUTORELEASING = YES;
				CLANG_WARN_BOOL_CONVERSION = YES;
				CLANG_WARN_COMMA = YES;
				CLANG_WARN_CONSTANT_CONVERSION = YES;
				CLANG_WARN_DEPRECATED_OBJC_IMPLEMENTATIONS = YES;
				CLANG_WARN_DIRECT_OBJC_ISA_USAGE = YES_ERROR;
				CLANG_WARN_DOCUMENTATION_COMMENTS = YES;
				CLANG_WARN_EMPTY_BODY = YES;
				CLANG_WARN_ENUM_CONVERSION = YES;
				CLANG_WARN_INFINITE_RECURSION = YES;
				CLANG_WARN_INT_CONVERSION = YES;
				CLANG_WARN_NON_LITERAL_NULL_CONVERSION = YES;
				CLANG_WARN_OBJC_IMPLICIT_RETAIN_SELF = YES;
				CLANG_WARN_OBJC_LITERAL_CONVERSION = YES;
				CLANG_WARN_OBJC_ROOT_CLASS = YES_ERROR;
				CLANG_WARN_RANGE_LOOP_ANALYSIS = YES;
				CLANG_WARN_STRICT_PROTOTYPES = YES;
				CLANG_WARN_SUSPICIOUS_MOVE = YES;
				CLANG_WARN_UNGUARDED_AVAILABILITY = YES_AGGRESSIVE;
				CLANG_WARN_UNREACHABLE_CODE = YES;
				CLANG_WARN__DUPLICATE_METHOD_MATCH = YES;
				CODE_SIGN_IDENTITY = "iPhone Developer";
				COPY_PHASE_STRIP = NO;
				DEBUG_INFORMATION_FORMAT = "dwarf-with-dsym";
				ENABLE_NS_ASSERTIONS = NO;
				ENABLE_STRICT_OBJC_MSGSEND = YES;
				GCC_C_LANGUAGE_STANDARD = gnu11;
				GCC_NO_COMMON_BLOCKS = YES;
				GCC_WARN_64_TO_32_BIT_CONVERSION = YES;
				GCC_WARN_ABOUT_RETURN_TYPE = YES_ERROR;
				GCC_WARN_UNDECLARED_SELECTOR = YES;
				GCC_WARN_UNINITIALIZED_AUTOS = YES_AGGRESSIVE;
				GCC_WARN_UNUSED_FUNCTION = YES;
				GCC_WARN_UNUSED_VARIABLE = YES;
				IPHONEOS_DEPLOYMENT_TARGET = 12.2;
				MTL_ENABLE_DEBUG_INFO = NO;
				MTL_FAST_MATH = YES;
				SDKROOT = iphoneos;
				SWIFT_COMPILATION_MODE = wholemodule;
				SWIFT_OPTIMIZATION_LEVEL = "-O";
				VALIDATE_PRODUCT = YES;
			};
			name = Release;
		};
		181D311222E9F9C1009018C2 /* Debug */ = {
			isa = XCBuildConfiguration;
			buildSettings = {
				ASSETCATALOG_COMPILER_APPICON_NAME = AppIcon;
				CODE_SIGN_STYLE = Automatic;
				INFOPLIST_FILE = "sotryboard practice day 4/Info.plist";
				LD_RUNPATH_SEARCH_PATHS = (
					"$(inherited)",
					"@executable_path/Frameworks",
				);
				PRODUCT_BUNDLE_IDENTIFIER = "Wero.sotryboard-practice-day-4";
				PRODUCT_NAME = "$(TARGET_NAME)";
				SWIFT_VERSION = 5.0;
				TARGETED_DEVICE_FAMILY = "1,2";
			};
			name = Debug;
		};
		181D311322E9F9C1009018C2 /* Release */ = {
			isa = XCBuildConfiguration;
			buildSettings = {
				ASSETCATALOG_COMPILER_APPICON_NAME = AppIcon;
				CODE_SIGN_STYLE = Automatic;
				INFOPLIST_FILE = "sotryboard practice day 4/Info.plist";
				LD_RUNPATH_SEARCH_PATHS = (
					"$(inherited)",
					"@executable_path/Frameworks",
				);
				PRODUCT_BUNDLE_IDENTIFIER = "Wero.sotryboard-practice-day-4";
				PRODUCT_NAME = "$(TARGET_NAME)";
				SWIFT_VERSION = 5.0;
				TARGETED_DEVICE_FAMILY = "1,2";
			};
			name = Release;
		};
		181D311522E9F9C1009018C2 /* Debug */ = {
			isa = XCBuildConfiguration;
			buildSettings = {
				ALWAYS_EMBED_SWIFT_STANDARD_LIBRARIES = YES;
				BUNDLE_LOADER = "$(TEST_HOST)";
				CODE_SIGN_STYLE = Automatic;
				INFOPLIST_FILE = "sotryboard practice day 4Tests/Info.plist";
				LD_RUNPATH_SEARCH_PATHS = (
					"$(inherited)",
					"@executable_path/Frameworks",
					"@loader_path/Frameworks",
				);
				PRODUCT_BUNDLE_IDENTIFIER = "Wero.sotryboard-practice-day-4Tests";
				PRODUCT_NAME = "$(TARGET_NAME)";
				SWIFT_VERSION = 5.0;
				TARGETED_DEVICE_FAMILY = "1,2";
				TEST_HOST = "$(BUILT_PRODUCTS_DIR)/sotryboard practice day 4.app/sotryboard practice day 4";
			};
			name = Debug;
		};
		181D311622E9F9C1009018C2 /* Release */ = {
			isa = XCBuildConfiguration;
			buildSettings = {
				ALWAYS_EMBED_SWIFT_STANDARD_LIBRARIES = YES;
				BUNDLE_LOADER = "$(TEST_HOST)";
				CODE_SIGN_STYLE = Automatic;
				INFOPLIST_FILE = "sotryboard practice day 4Tests/Info.plist";
				LD_RUNPATH_SEARCH_PATHS = (
					"$(inherited)",
					"@executable_path/Frameworks",
					"@loader_path/Frameworks",
				);
				PRODUCT_BUNDLE_IDENTIFIER = "Wero.sotryboard-practice-day-4Tests";
				PRODUCT_NAME = "$(TARGET_NAME)";
				SWIFT_VERSION = 5.0;
				TARGETED_DEVICE_FAMILY = "1,2";
				TEST_HOST = "$(BUILT_PRODUCTS_DIR)/sotryboard practice day 4.app/sotryboard practice day 4";
			};
			name = Release;
		};
		181D311822E9F9C1009018C2 /* Debug */ = {
			isa = XCBuildConfiguration;
			buildSettings = {
				ALWAYS_EMBED_SWIFT_STANDARD_LIBRARIES = YES;
				CODE_SIGN_STYLE = Automatic;
				INFOPLIST_FILE = "sotryboard practice day 4UITests/Info.plist";
				LD_RUNPATH_SEARCH_PATHS = (
					"$(inherited)",
					"@executable_path/Frameworks",
					"@loader_path/Frameworks",
				);
				PRODUCT_BUNDLE_IDENTIFIER = "Wero.sotryboard-practice-day-4UITests";
				PRODUCT_NAME = "$(TARGET_NAME)";
				SWIFT_VERSION = 5.0;
				TARGETED_DEVICE_FAMILY = "1,2";
				TEST_TARGET_NAME = "sotryboard practice day 4";
			};
			name = Debug;
		};
		181D311922E9F9C1009018C2 /* Release */ = {
			isa = XCBuildConfiguration;
			buildSettings = {
				ALWAYS_EMBED_SWIFT_STANDARD_LIBRARIES = YES;
				CODE_SIGN_STYLE = Automatic;
				INFOPLIST_FILE = "sotryboard practice day 4UITests/Info.plist";
				LD_RUNPATH_SEARCH_PATHS = (
					"$(inherited)",
					"@executable_path/Frameworks",
					"@loader_path/Frameworks",
				);
				PRODUCT_BUNDLE_IDENTIFIER = "Wero.sotryboard-practice-day-4UITests";
				PRODUCT_NAME = "$(TARGET_NAME)";
				SWIFT_VERSION = 5.0;
				TARGETED_DEVICE_FAMILY = "1,2";
				TEST_TARGET_NAME = "sotryboard practice day 4";
			};
			name = Release;
		};
/* End XCBuildConfiguration section */

/* Begin XCConfigurationList section */
		181D30E422E9F9BE009018C2 /* Build configuration list for PBXProject "sotryboard practice day 4" */ = {
			isa = XCConfigurationList;
			buildConfigurations = (
				181D310F22E9F9C1009018C2 /* Debug */,
				181D311022E9F9C1009018C2 /* Release */,
			);
			defaultConfigurationIsVisible = 0;
			defaultConfigurationName = Release;
		};
		181D311122E9F9C1009018C2 /* Build configuration list for PBXNativeTarget "sotryboard practice day 4" */ = {
			isa = XCConfigurationList;
			buildConfigurations = (
				181D311222E9F9C1009018C2 /* Debug */,
				181D311322E9F9C1009018C2 /* Release */,
			);
			defaultConfigurationIsVisible = 0;
			defaultConfigurationName = Release;
		};
		181D311422E9F9C1009018C2 /* Build configuration list for PBXNativeTarget "sotryboard practice day 4Tests" */ = {
			isa = XCConfigurationList;
			buildConfigurations = (
				181D311522E9F9C1009018C2 /* Debug */,
				181D311622E9F9C1009018C2 /* Release */,
			);
			defaultConfigurationIsVisible = 0;
			defaultConfigurationName = Release;
		};
		181D311722E9F9C1009018C2 /* Build configuration list for PBXNativeTarget "sotryboard practice day 4UITests" */ = {
			isa = XCConfigurationList;
			buildConfigurations = (
				181D311822E9F9C1009018C2 /* Debug */,
				181D311922E9F9C1009018C2 /* Release */,
			);
			defaultConfigurationIsVisible = 0;
			defaultConfigurationName = Release;
		};
/* End XCConfigurationList section */
	};
	rootObject = 181D30E122E9F9BE009018C2 /* Project object */;
}
